
Microsoft Visual Studio Solution File, Format Version 12.00
# Visual Studio 15
VisualStudioVersion = 15.0.28010.2050
MinimumVisualStudioVersion = 10.0.40219.1
Project("{FAE04EC0-301F-11D3-BF4B-00C04F79EFBC}") = "PHPBB", "PHPBB\PHPBB.csproj", "{5C0A90E1-CE91-40C8-A6F1-AD1AB1F84EF0}"
EndProject
Global
	GlobalSection(SolutionConfigurationPlatforms) = preSolution
		Debug|Any CPU = Debug|Any CPU
		Release|Any CPU = Release|Any CPU
	EndGlobalSection
	GlobalSection(ProjectConfigurationPlatforms) = postSolution
		{5C0A90E1-CE91-40C8-A6F1-AD1AB1F84EF0}.Debug|Any CPU.ActiveCfg = Debug|Any CPU
		{5C0A90E1-CE91-40C8-A6F1-AD1AB1F84EF0}.Debug|Any CPU.Build.0 = Debug|Any CPU
		{5C0A90E1-CE91-40C8-A6F1-AD1AB1F84EF0}.Release|Any CPU.ActiveCfg = Release|Any CPU
		{5C0A90E1-CE91-40C8-A6F1-AD1AB1F84EF0}.Release|Any CPU.Build.0 = Release|Any CPU
	EndGlobalSection
	GlobalSection(SolutionProperties) = preSolution
		HideSolutionNode = FALSE
	EndGlobalSection
	GlobalSection(ExtensibilityGlobals) = postSolution
		SolutionGuid = {35A43C10-7AFB-4AEB-AF75-AF7D854619BE}
	EndGlobalSection
EndGlobal
